# THIS IS AN AUTOGENERATED FILE. DO NOT EDIT THIS FILE DIRECTLY.
# yarn lockfile v1


"@esbuild/android-arm64@0.16.17":
  version "0.16.17"
  resolved "https://registry.yarnpkg.com/@esbuild/android-arm64/-/android-arm64-0.16.17.tgz#cf91e86df127aa3d141744edafcba0abdc577d23"
  integrity sha512-MIGl6p5sc3RDTLLkYL1MyL8BMRN4tLMRCn+yRJJmEDvYZ2M7tmAf80hx1kbNEUX2KJ50RRtxZ4JHLvCfuB6kBg==

"@esbuild/android-arm@0.16.17":
  version "0.16.17"
  resolved "https://registry.yarnpkg.com/@esbuild/android-arm/-/android-arm-0.16.17.tgz#025b6246d3f68b7bbaa97069144fb5fb70f2fff2"
  integrity sha512-N9x1CMXVhtWEAMS7pNNONyA14f71VPQN9Cnavj1XQh6T7bskqiLLrSca4O0Vr8Wdcga943eThxnVp3JLnBMYtw==

"@esbuild/android-x64@0.16.17":
  version "0.16.17"
  resolved "https://registry.yarnpkg.com/@esbuild/android-x64/-/android-x64-0.16.17.tgz#c820e0fef982f99a85c4b8bfdd582835f04cd96e"
  integrity sha512-a3kTv3m0Ghh4z1DaFEuEDfz3OLONKuFvI4Xqczqx4BqLyuFaFkuaG4j2MtA6fuWEFeC5x9IvqnX7drmRq/fyAQ==

"@esbuild/darwin-arm64@0.16.17":
  version "0.16.17"
  resolved "https://registry.yarnpkg.com/@esbuild/darwin-arm64/-/darwin-arm64-0.16.17.tgz#edef4487af6b21afabba7be5132c26d22379b220"
  integrity sha512-/2agbUEfmxWHi9ARTX6OQ/KgXnOWfsNlTeLcoV7HSuSTv63E4DqtAc+2XqGw1KHxKMHGZgbVCZge7HXWX9Vn+w==

"@esbuild/darwin-x64@0.16.17":
  version "0.16.17"
  resolved "https://registry.yarnpkg.com/@esbuild/darwin-x64/-/darwin-x64-0.16.17.tgz#42829168730071c41ef0d028d8319eea0e2904b4"
  integrity sha512-2By45OBHulkd9Svy5IOCZt376Aa2oOkiE9QWUK9fe6Tb+WDr8hXL3dpqi+DeLiMed8tVXspzsTAvd0jUl96wmg==

"@esbuild/freebsd-arm64@0.16.17":
  version "0.16.17"
  resolved "https://registry.yarnpkg.com/@esbuild/freebsd-arm64/-/freebsd-arm64-0.16.17.tgz#1f4af488bfc7e9ced04207034d398e793b570a27"
  integrity sha512-mt+cxZe1tVx489VTb4mBAOo2aKSnJ33L9fr25JXpqQqzbUIw/yzIzi+NHwAXK2qYV1lEFp4OoVeThGjUbmWmdw==

"@esbuild/freebsd-x64@0.16.17":
  version "0.16.17"
  resolved "https://registry.yarnpkg.com/@esbuild/freebsd-x64/-/freebsd-x64-0.16.17.tgz#636306f19e9bc981e06aa1d777302dad8fddaf72"
  integrity sha512-8ScTdNJl5idAKjH8zGAsN7RuWcyHG3BAvMNpKOBaqqR7EbUhhVHOqXRdL7oZvz8WNHL2pr5+eIT5c65kA6NHug==

"@esbuild/linux-arm64@0.16.17":
  version "0.16.17"
  resolved "https://registry.yarnpkg.com/@esbuild/linux-arm64/-/linux-arm64-0.16.17.tgz#a003f7ff237c501e095d4f3a09e58fc7b25a4aca"
  integrity sha512-7S8gJnSlqKGVJunnMCrXHU9Q8Q/tQIxk/xL8BqAP64wchPCTzuM6W3Ra8cIa1HIflAvDnNOt2jaL17vaW+1V0g==

"@esbuild/linux-arm@0.16.17":
  version "0.16.17"
  resolved "https://registry.yarnpkg.com/@esbuild/linux-arm/-/linux-arm-0.16.17.tgz#b591e6a59d9c4fe0eeadd4874b157ab78cf5f196"
  integrity sha512-iihzrWbD4gIT7j3caMzKb/RsFFHCwqqbrbH9SqUSRrdXkXaygSZCZg1FybsZz57Ju7N/SHEgPyaR0LZ8Zbe9gQ==

"@esbuild/linux-ia32@0.16.17":
  version "0.16.17"
  resolved "https://registry.yarnpkg.com/@esbuild/linux-ia32/-/linux-ia32-0.16.17.tgz#24333a11027ef46a18f57019450a5188918e2a54"
  integrity sha512-kiX69+wcPAdgl3Lonh1VI7MBr16nktEvOfViszBSxygRQqSpzv7BffMKRPMFwzeJGPxcio0pdD3kYQGpqQ2SSg==

"@esbuild/linux-loong64@0.16.17":
  version "0.16.17"
  resolved "https://registry.yarnpkg.com/@esbuild/linux-loong64/-/linux-loong64-0.16.17.tgz#d5ad459d41ed42bbd4d005256b31882ec52227d8"
  integrity sha512-dTzNnQwembNDhd654cA4QhbS9uDdXC3TKqMJjgOWsC0yNCbpzfWoXdZvp0mY7HU6nzk5E0zpRGGx3qoQg8T2DQ==

"@esbuild/linux-mips64el@0.16.17":
  version "0.16.17"
  resolved "https://registry.yarnpkg.com/@esbuild/linux-mips64el/-/linux-mips64el-0.16.17.tgz#4e5967a665c38360b0a8205594377d4dcf9c3726"
  integrity sha512-ezbDkp2nDl0PfIUn0CsQ30kxfcLTlcx4Foz2kYv8qdC6ia2oX5Q3E/8m6lq84Dj/6b0FrkgD582fJMIfHhJfSw==

"@esbuild/linux-ppc64@0.16.17":
  version "0.16.17"
  resolved "https://registry.yarnpkg.com/@esbuild/linux-ppc64/-/linux-ppc64-0.16.17.tgz#206443a02eb568f9fdf0b438fbd47d26e735afc8"
  integrity sha512-dzS678gYD1lJsW73zrFhDApLVdM3cUF2MvAa1D8K8KtcSKdLBPP4zZSLy6LFZ0jYqQdQ29bjAHJDgz0rVbLB3g==

"@esbuild/linux-riscv64@0.16.17":
  version "0.16.17"
  resolved "https://registry.yarnpkg.com/@esbuild/linux-riscv64/-/linux-riscv64-0.16.17.tgz#c351e433d009bf256e798ad048152c8d76da2fc9"
  integrity sha512-ylNlVsxuFjZK8DQtNUwiMskh6nT0vI7kYl/4fZgV1llP5d6+HIeL/vmmm3jpuoo8+NuXjQVZxmKuhDApK0/cKw==

"@esbuild/linux-s390x@0.16.17":
  version "0.16.17"
  resolved "https://registry.yarnpkg.com/@esbuild/linux-s390x/-/linux-s390x-0.16.17.tgz#661f271e5d59615b84b6801d1c2123ad13d9bd87"
  integrity sha512-gzy7nUTO4UA4oZ2wAMXPNBGTzZFP7mss3aKR2hH+/4UUkCOyqmjXiKpzGrY2TlEUhbbejzXVKKGazYcQTZWA/w==

"@esbuild/linux-x64@0.16.17":
  version "0.16.17"
  resolved "https://registry.yarnpkg.com/@esbuild/linux-x64/-/linux-x64-0.16.17.tgz#e4ba18e8b149a89c982351443a377c723762b85f"
  integrity sha512-mdPjPxfnmoqhgpiEArqi4egmBAMYvaObgn4poorpUaqmvzzbvqbowRllQ+ZgzGVMGKaPkqUmPDOOFQRUFDmeUw==

"@esbuild/netbsd-x64@0.16.17":
  version "0.16.17"
  resolved "https://registry.yarnpkg.com/@esbuild/netbsd-x64/-/netbsd-x64-0.16.17.tgz#7d4f4041e30c5c07dd24ffa295c73f06038ec775"
  integrity sha512-/PzmzD/zyAeTUsduZa32bn0ORug+Jd1EGGAUJvqfeixoEISYpGnAezN6lnJoskauoai0Jrs+XSyvDhppCPoKOA==

"@esbuild/openbsd-x64@0.16.17":
  version "0.16.17"
  resolved "https://registry.yarnpkg.com/@esbuild/openbsd-x64/-/openbsd-x64-0.16.17.tgz#970fa7f8470681f3e6b1db0cc421a4af8060ec35"
  integrity sha512-2yaWJhvxGEz2RiftSk0UObqJa/b+rIAjnODJgv2GbGGpRwAfpgzyrg1WLK8rqA24mfZa9GvpjLcBBg8JHkoodg==

"@esbuild/sunos-x64@0.16.17":
  version "0.16.17"
  resolved "https://registry.yarnpkg.com/@esbuild/sunos-x64/-/sunos-x64-0.16.17.tgz#abc60e7c4abf8b89fb7a4fe69a1484132238022c"
  integrity sha512-xtVUiev38tN0R3g8VhRfN7Zl42YCJvyBhRKw1RJjwE1d2emWTVToPLNEQj/5Qxc6lVFATDiy6LjVHYhIPrLxzw==

"@esbuild/win32-arm64@0.16.17":
  version "0.16.17"
  resolved "https://registry.yarnpkg.com/@esbuild/win32-arm64/-/win32-arm64-0.16.17.tgz#7b0ff9e8c3265537a7a7b1fd9a24e7bd39fcd87a"
  integrity sha512-ga8+JqBDHY4b6fQAmOgtJJue36scANy4l/rL97W+0wYmijhxKetzZdKOJI7olaBaMhWt8Pac2McJdZLxXWUEQw==

"@esbuild/win32-ia32@0.16.17":
  version "0.16.17"
  resolved "https://registry.yarnpkg.com/@esbuild/win32-ia32/-/win32-ia32-0.16.17.tgz#e90fe5267d71a7b7567afdc403dfd198c292eb09"
  integrity sha512-WnsKaf46uSSF/sZhwnqE4L/F89AYNMiD4YtEcYekBt9Q7nj0DiId2XH2Ng2PHM54qi5oPrQ8luuzGszqi/veig==

"@esbuild/win32-x64@0.16.17":
  version "0.16.17"
  resolved "https://registry.yarnpkg.com/@esbuild/win32-x64/-/win32-x64-0.16.17.tgz#c5a1a4bfe1b57f0c3e61b29883525c6da3e5c091"
  integrity sha512-y+EHuSchhL7FjHgvQL/0fnnFmO4T1bhvWANX6gcnqTjtnKWbTvUMCpGnv2+t+31d7RzyEAYAd4u2fnIhHL6N/Q==

"@jridgewell/sourcemap-codec@^1.4.13", "@jridgewell/sourcemap-codec@^1.4.14":
  version "1.4.14"
  resolved "https://registry.yarnpkg.com/@jridgewell/sourcemap-codec/-/sourcemap-codec-1.4.14.tgz#add4c98d341472a289190b424efbdb096991bb24"
  integrity sha512-XPSJHWmi394fuUuzDnGz1wiKqWfo1yXecHQMRf2l6hztTO+nPru658AyDngaBe7isIxEkRsPR3FZh+s7iVa4Uw==

"@sveltejs/vite-plugin-svelte@^2.0.3":
  version "2.0.3"
  resolved "https://registry.yarnpkg.com/@sveltejs/vite-plugin-svelte/-/vite-plugin-svelte-2.0.3.tgz#3d276eab341638dd58691a3de610774e155a7578"
  integrity sha512-o+cguBFdwIGtRbNkYOyqTM7KvRUffxh5bfK4oJsWKG2obu+v/cbpT03tJrGl58C7tRXo/aEC0/axN5FVHBj0nA==
  dependencies:
    debug "^4.3.4"
    deepmerge "^4.3.0"
    kleur "^4.1.5"
    magic-string "^0.29.0"
    svelte-hmr "^0.15.1"
    vitefu "^0.2.4"

"@types/pug@^2.0.6":
  version "2.0.6"
  resolved "https://registry.yarnpkg.com/@types/pug/-/pug-2.0.6.tgz#f830323c88172e66826d0bde413498b61054b5a6"
  integrity sha512-SnHmG9wN1UVmagJOnyo/qkk0Z7gejYxOYYmaAwr5u2yFYfsupN3sg10kyzN8Hep/2zbHxCnsumxOoRIRMBwKCg==

balanced-match@^1.0.0:
  version "1.0.2"
  resolved "https://registry.yarnpkg.com/balanced-match/-/balanced-match-1.0.2.tgz#e83e3a7e3f300b34cb9d87f615fa0cbf357690ee"
  integrity sha512-3oSeUO0TMV67hN1AmbXsK4yaqU7tjiHlbxRDZOpH0KW9+CeX4bRAaX0Anxt0tx2MrpRpWwQaPwIlISEJhYU5Pw==

brace-expansion@^1.1.7:
  version "1.1.11"
  resolved "https://registry.yarnpkg.com/brace-expansion/-/brace-expansion-1.1.11.tgz#3c7fcbf529d87226f3d2f52b966ff5271eb441dd"
  integrity sha512-iCuPHDFgrHX7H2vEI/5xpz07zSHB00TpugqhmYtVmMO6518mCuRMoOYFldEBl0g187ufozdaHgWKcYFb61qGiA==
  dependencies:
    balanced-match "^1.0.0"
    concat-map "0.0.1"

buffer-crc32@^0.2.5:
  version "0.2.13"
  resolved "https://registry.yarnpkg.com/buffer-crc32/-/buffer-crc32-0.2.13.tgz#0d333e3f00eac50aa1454abd30ef8c2a5d9a7242"
  integrity sha512-VO9Ht/+p3SN7SKWqcrgEzjGbRSJYTx+Q1pTQC0wrWqHx0vpJraQ6GtHx8tvcg1rlK1byhU5gccxgOgj7B0TDkQ==

concat-map@0.0.1:
  version "0.0.1"
  resolved "https://registry.yarnpkg.com/concat-map/-/concat-map-0.0.1.tgz#d8a96bd77fd68df7793a73036a3ba0d5405d477b"
  integrity sha512-/Srv4dswyQNBfohGpz9o6Yb3Gz3SrUDqBH5rTuhGR7ahtlbYKnVxw2bCFMRljaA7EXHaXZ8wsHdodFvbkhKmqg==

debug@^4.3.4:
  version "4.3.4"
  resolved "https://registry.yarnpkg.com/debug/-/debug-4.3.4.tgz#1319f6579357f2338d3337d2cdd4914bb5dcc865"
  integrity sha512-PRWFHuSU3eDtQJPvnNY7Jcket1j0t5OuOsFzPPzsekD52Zl8qUfFIPEiswXqIvHWGVHOgX+7G/vCNNhehwxfkQ==
  dependencies:
    ms "2.1.2"

deepmerge@^4.3.0:
  version "4.3.0"
  resolved "https://registry.yarnpkg.com/deepmerge/-/deepmerge-4.3.0.tgz#65491893ec47756d44719ae520e0e2609233b59b"
  integrity sha512-z2wJZXrmeHdvYJp/Ux55wIjqo81G5Bp4c+oELTW+7ar6SogWHajt5a9gO3s3IDaGSAXjDk0vlQKN3rms8ab3og==

detect-indent@^6.1.0:
  version "6.1.0"
  resolved "https://registry.yarnpkg.com/detect-indent/-/detect-indent-6.1.0.tgz#592485ebbbf6b3b1ab2be175c8393d04ca0d57e6"
  integrity sha512-reYkTUJAZb9gUuZ2RvVCNhVHdg62RHnJ7WJl8ftMi4diZ6NWlciOzQN88pUhSELEwflJht4oQDv0F0BMlwaYtA==

es6-promise@^3.1.2:
  version "3.3.1"
  resolved "https://registry.yarnpkg.com/es6-promise/-/es6-promise-3.3.1.tgz#a08cdde84ccdbf34d027a1451bc91d4bcd28a613"
  integrity sha512-SOp9Phqvqn7jtEUxPWdWfWoLmyt2VaJ6MpvP9Comy1MceMXqE6bxvaTu4iaxpYYPzhny28Lc+M87/c2cPK6lDg==

esbuild@^0.16.14:
  version "0.16.17"
  resolved "https://registry.yarnpkg.com/esbuild/-/esbuild-0.16.17.tgz#fc2c3914c57ee750635fee71b89f615f25065259"
  integrity sha512-G8LEkV0XzDMNwXKgM0Jwu3nY3lSTwSGY6XbxM9cr9+s0T/qSV1q1JVPBGzm3dcjhCic9+emZDmMffkwgPeOeLg==
  optionalDependencies:
    "@esbuild/android-arm" "0.16.17"
    "@esbuild/android-arm64" "0.16.17"
    "@esbuild/android-x64" "0.16.17"
    "@esbuild/darwin-arm64" "0.16.17"
    "@esbuild/darwin-x64" "0.16.17"
    "@esbuild/freebsd-arm64" "0.16.17"
    "@esbuild/freebsd-x64" "0.16.17"
    "@esbuild/linux-arm" "0.16.17"
    "@esbuild/linux-arm64" "0.16.17"
    "@esbuild/linux-ia32" "0.16.17"
    "@esbuild/linux-loong64" "0.16.17"
    "@esbuild/linux-mips64el" "0.16.17"
    "@esbuild/linux-ppc64" "0.16.17"
    "@esbuild/linux-riscv64" "0.16.17"
    "@esbuild/linux-s390x" "0.16.17"
    "@esbuild/linux-x64" "0.16.17"
    "@esbuild/netbsd-x64" "0.16.17"
    "@esbuild/openbsd-x64" "0.16.17"
    "@esbuild/sunos-x64" "0.16.17"
    "@esbuild/win32-arm64" "0.16.17"
    "@esbuild/win32-ia32" "0.16.17"
    "@esbuild/win32-x64" "0.16.17"

fs.realpath@^1.0.0:
  version "1.0.0"
  resolved "https://registry.yarnpkg.com/fs.realpath/-/fs.realpath-1.0.0.tgz#1504ad2523158caa40db4a2787cb01411994ea4f"
  integrity sha512-OO0pH2lK6a0hZnAdau5ItzHPI6pUlvI7jMVnxUQRtw4owF2wk8lOSabtGDCTP4Ggrg2MbGnWO9X8K1t4+fGMDw==

fsevents@~2.3.2:
  version "2.3.2"
  resolved "https://registry.yarnpkg.com/fsevents/-/fsevents-2.3.2.tgz#8a526f78b8fdf4623b709e0b975c52c24c02fd1a"
  integrity sha512-xiqMQR4xAeHTuB9uWm+fFRcIOgKBMiOBP+eXiyT7jsgVCq1bkVygt00oASowB7EdtpOHaaPgKt812P9ab+DDKA==

function-bind@^1.1.1:
  version "1.1.1"
  resolved "https://registry.yarnpkg.com/function-bind/-/function-bind-1.1.1.tgz#a56899d3ea3c9bab874bb9773b7c5ede92f4895d"
  integrity sha512-yIovAzMX49sF8Yl58fSCWJ5svSLuaibPxXQJFLmBObTuCr0Mf1KiPopGM9NiFjiYBCbfaa2Fh6breQ6ANVTI0A==

glob@^7.1.3:
  version "7.2.3"
  resolved "https://registry.yarnpkg.com/glob/-/glob-7.2.3.tgz#b8df0fb802bbfa8e89bd1d938b4e16578ed44f2b"
  integrity sha512-nFR0zLpU2YCaRxwoCJvL6UvCH2JFyFVIvwTLsIf21AuHlMskA1hhTdk+LlYJtOlYt9v6dvszD2BGRqBL+iQK9Q==
  dependencies:
    fs.realpath "^1.0.0"
    inflight "^1.0.4"
    inherits "2"
    minimatch "^3.1.1"
    once "^1.3.0"
    path-is-absolute "^1.0.0"

graceful-fs@^4.1.3:
  version "4.2.10"
  resolved "https://registry.yarnpkg.com/graceful-fs/-/graceful-fs-4.2.10.tgz#147d3a006da4ca3ce14728c7aefc287c367d7a6c"
  integrity sha512-9ByhssR2fPVsNZj478qUUbKfmL0+t5BDVyjShtyZZLiK7ZDAArFFfopyOTj0M05wE2tJPisA4iTnnXl2YoPvOA==

has@^1.0.3:
  version "1.0.3"
  resolved "https://registry.yarnpkg.com/has/-/has-1.0.3.tgz#722d7cbfc1f6aa8241f16dd814e011e1f41e8796"
  integrity sha512-f2dvO0VU6Oej7RkWJGrehjbzMAjFp5/VKPp5tTpWIV4JHHZK1/BxbFRtf/siA2SWTe09caDmVtYYzWEIbBS4zw==
  dependencies:
    function-bind "^1.1.1"

highlight.js@11.7.0:
  version "11.7.0"
  resolved "https://registry.yarnpkg.com/highlight.js/-/highlight.js-11.7.0.tgz#3ff0165bc843f8c9bce1fd89e2fda9143d24b11e"
  integrity sha512-1rRqesRFhMO/PRF+G86evnyJkCgaZFOI+Z6kdj15TA18funfoqJXvgPCLSf0SWq3SRfg1j3HlDs8o4s3EGq1oQ==

inflight@^1.0.4:
  version "1.0.6"
  resolved "https://registry.yarnpkg.com/inflight/-/inflight-1.0.6.tgz#49bd6331d7d02d0c09bc910a1075ba8165b56df9"
  integrity sha512-k92I/b08q4wvFscXCLvqfsHCrjrF7yiXsQuIVvVE7N82W3+aqpzuUdBbfhWcy/FZR3/4IgflMgKLOsvPDrGCJA==
  dependencies:
    once "^1.3.0"
    wrappy "1"

inherits@2:
  version "2.0.4"
  resolved "https://registry.yarnpkg.com/inherits/-/inherits-2.0.4.tgz#0fa2c64f932917c3433a0ded55363aae37416b7c"
  integrity sha512-k/vGaX4/Yla3WzyMCvTQOXYeIHvqOKtnqBduzTHpzpQZzAskKMhZ2K+EnBiSM9zGSoIFeMpXKxa4dYeZIQqewQ==

is-core-module@^2.9.0:
  version "2.9.0"
  resolved "https://registry.yarnpkg.com/is-core-module/-/is-core-module-2.9.0.tgz#e1c34429cd51c6dd9e09e0799e396e27b19a9c69"
  integrity sha512-+5FPy5PnwmO3lvfMb0AsoPaBG+5KHUI0wYFXOtYPnVVVspTFUuMZNfNaNVRt3FZadstu2c8x23vykRW/NBoU6A==
  dependencies:
    has "^1.0.3"

kleur@^4.1.5:
  version "4.1.5"
  resolved "https://registry.yarnpkg.com/kleur/-/kleur-4.1.5.tgz#95106101795f7050c6c650f350c683febddb1780"
  integrity sha512-o+NO+8WrRiQEE4/7nwRJhN1HWpVmJm511pBHUxPLtp0BUISzlBplORYSmTclCnJvQq2tKu/sgl3xVpkc7ZWuQQ==

magic-string@^0.27.0:
  version "0.27.0"
  resolved "https://registry.yarnpkg.com/magic-string/-/magic-string-0.27.0.tgz#e4a3413b4bab6d98d2becffd48b4a257effdbbf3"
  integrity sha512-8UnnX2PeRAPZuN12svgR9j7M1uWMovg/CEnIwIG0LFkXSJJe4PdfUGiTGl8V9bsBHFUtfVINcSyYxd7q+kx9fA==
  dependencies:
    "@jridgewell/sourcemap-codec" "^1.4.13"

magic-string@^0.29.0:
  version "0.29.0"
  resolved "https://registry.yarnpkg.com/magic-string/-/magic-string-0.29.0.tgz#f034f79f8c43dba4ae1730ffb5e8c4e084b16cf3"
  integrity sha512-WcfidHrDjMY+eLjlU+8OvwREqHwpgCeKVBUpQ3OhYYuvfaYCUgcbuBzappNzZvg/v8onU3oQj+BYpkOJe9Iw4Q==
  dependencies:
    "@jridgewell/sourcemap-codec" "^1.4.13"

min-indent@^1.0.0:
  version "1.0.1"
  resolved "https://registry.yarnpkg.com/min-indent/-/min-indent-1.0.1.tgz#a63f681673b30571fbe8bc25686ae746eefa9869"
  integrity sha512-I9jwMn07Sy/IwOj3zVkVik2JTvgpaykDZEigL6Rx6N9LbMywwUSMtxET+7lVoDLLd3O3IXwJwvuuns8UB/HeAg==

minimatch@^3.1.1:
  version "3.1.2"
  resolved "https://registry.yarnpkg.com/minimatch/-/minimatch-3.1.2.tgz#19cd194bfd3e428f049a70817c038d89ab4be35b"
  integrity sha512-J7p63hRiAjw1NDEww1W7i37+ByIrOWO5XQQAzZ3VOcL0PNybwpfmV/N05zFAzwQ9USyEcX6t3UO+K5aqBQOIHw==
  dependencies:
    brace-expansion "^1.1.7"

minimist@^1.2.0, minimist@^1.2.6:
  version "1.2.6"
  resolved "https://registry.yarnpkg.com/minimist/-/minimist-1.2.6.tgz#8637a5b759ea0d6e98702cfb3a9283323c93af44"
  integrity sha512-Jsjnk4bw3YJqYzbdyBiNsPWHPfO++UGG749Cxs6peCu5Xg4nrena6OVxOYxrQTqww0Jmwt+Ref8rggumkTLz9Q==

mkdirp@^0.5.1:
  version "0.5.6"
  resolved "https://registry.yarnpkg.com/mkdirp/-/mkdirp-0.5.6.tgz#7def03d2432dcae4ba1d611445c48396062255f6"
  integrity sha512-FP+p8RB8OWpF3YZBCrP5gtADmtXApB5AMLn+vdyA+PyxCjrCs00mjyUozssO33cwDeT3wNGdLxJ5M//YqtHAJw==
  dependencies:
    minimist "^1.2.6"

ms@2.1.2:
  version "2.1.2"
  resolved "https://registry.yarnpkg.com/ms/-/ms-2.1.2.tgz#d09d1f357b443f493382a8eb3ccd183872ae6009"
  integrity sha512-sGkPx+VjMtmA6MX27oA4FBFELFCZZ4S4XqeGOXCv68tT+jb3vk/RyaKWP0PTKyWtmLSM0b+adUTEvbs1PEaH2w==

nanoid@^3.3.4:
  version "3.3.4"
  resolved "https://registry.yarnpkg.com/nanoid/-/nanoid-3.3.4.tgz#730b67e3cd09e2deacf03c027c81c9d9dbc5e8ab"
  integrity sha512-MqBkQh/OHTS2egovRtLk45wEyNXwF+cokD+1YPf9u5VfJiRdAiRwB2froX5Co9Rh20xs4siNPm8naNotSD6RBw==

once@^1.3.0:
  version "1.4.0"
  resolved "https://registry.yarnpkg.com/once/-/once-1.4.0.tgz#583b1aa775961d4b113ac17d9c50baef9dd76bd1"
  integrity sha512-lNaJgI+2Q5URQBkccEKHTQOPaXdUxnZZElQTZY0MFUAuaEqe1E+Nyvgdz/aIyNi6Z9MzO5dv1H8n58/GELp3+w==
  dependencies:
    wrappy "1"

path-is-absolute@^1.0.0:
  version "1.0.1"
  resolved "https://registry.yarnpkg.com/path-is-absolute/-/path-is-absolute-1.0.1.tgz#174b9268735534ffbc7ace6bf53a5a9e1b5c5f5f"
  integrity sha512-AVbw3UJ2e9bq64vSaS9Am0fje1Pa8pbGqTTsmXfaIiMpnr5DlDhfJOuLj9Sf95ZPVDAUerDfEk88MPmPe7UCQg==

path-parse@^1.0.7:
  version "1.0.7"
  resolved "https://registry.yarnpkg.com/path-parse/-/path-parse-1.0.7.tgz#fbc114b60ca42b30d9daf5858e4bd68bbedb6735"
  integrity sha512-LDJzPVEEEPR+y48z93A0Ed0yXb8pAByGWo/k5YYdYgpY2/2EsOsksJrq7lOHxryrVOn1ejG6oAp8ahvOIQD8sw==

picocolors@^1.0.0:
  version "1.0.0"
  resolved "https://registry.yarnpkg.com/picocolors/-/picocolors-1.0.0.tgz#cb5bdc74ff3f51892236eaf79d68bc44564ab81c"
  integrity sha512-1fygroTLlHu66zi26VoTDv8yRgm0Fccecssto+MhsZ0D/DGW2sm8E8AjW7NU5VVTRt5GxbeZ5qBuJr+HyLYkjQ==

postcss@^8.4.21:
  version "8.4.21"
  resolved "https://registry.yarnpkg.com/postcss/-/postcss-8.4.21.tgz#c639b719a57efc3187b13a1d765675485f4134f4"
  integrity sha512-tP7u/Sn/dVxK2NnruI4H9BG+x+Wxz6oeZ1cJ8P6G/PZY0IKk4k/63TDsQf2kQq3+qoJeLm2kIBUNlZe3zgb4Zg==
  dependencies:
    nanoid "^3.3.4"
    picocolors "^1.0.0"
    source-map-js "^1.0.2"

resolve@^1.22.1:
  version "1.22.1"
  resolved "https://registry.yarnpkg.com/resolve/-/resolve-1.22.1.tgz#27cb2ebb53f91abb49470a928bba7558066ac177"
  integrity sha512-nBpuuYuY5jFsli/JIs1oldw6fOQCBioohqWZg/2hiaOybXOft4lonv85uDOKXdf8rhyK159cxU5cDcK/NKk8zw==
  dependencies:
    is-core-module "^2.9.0"
    path-parse "^1.0.7"
    supports-preserve-symlinks-flag "^1.0.0"

rimraf@^2.5.2:
  version "2.7.1"
  resolved "https://registry.yarnpkg.com/rimraf/-/rimraf-2.7.1.tgz#35797f13a7fdadc566142c29d4f07ccad483e3ec"
  integrity sha512-uWjbaKIK3T1OSVptzX7Nl6PvQ3qAGtKEtVRjRuazjfL3Bx5eI409VZSqgND+4UNnmzLVdPj9FqFJNPqBZFve4w==
  dependencies:
    glob "^7.1.3"

rollup@^3.10.0:
  version "3.19.1"
  resolved "https://registry.yarnpkg.com/rollup/-/rollup-3.19.1.tgz#2b3a31ac1ff9f3afab2e523fa687fef5b0ee20fc"
  integrity sha512-lAbrdN7neYCg/8WaoWn/ckzCtz+jr70GFfYdlf50OF7387HTg+wiuiqJRFYawwSPpqfqDNYqK7smY/ks2iAudg==
  optionalDependencies:
    fsevents "~2.3.2"

sander@^0.5.0:
  version "0.5.1"
  resolved "https://registry.yarnpkg.com/sander/-/sander-0.5.1.tgz#741e245e231f07cafb6fdf0f133adfa216a502ad"
  integrity sha512-3lVqBir7WuKDHGrKRDn/1Ye3kwpXaDOMsiRP1wd6wpZW56gJhsbp5RqQpA6JG/P+pkXizygnr1dKR8vzWaVsfA==
  dependencies:
    es6-promise "^3.1.2"
    graceful-fs "^4.1.3"
    mkdirp "^0.5.1"
    rimraf "^2.5.2"

sorcery@^0.11.0:
  version "0.11.0"
  resolved "https://registry.yarnpkg.com/sorcery/-/sorcery-0.11.0.tgz#310c80ee993433854bb55bb9aa4003acd147fca8"
  integrity sha512-J69LQ22xrQB1cIFJhPfgtLuI6BpWRiWu1Y3vSsIwK/eAScqJxd/+CJlUuHQRdX2C9NGFamq+KqNywGgaThwfHw==
  dependencies:
    "@jridgewell/sourcemap-codec" "^1.4.14"
    buffer-crc32 "^0.2.5"
    minimist "^1.2.0"
    sander "^0.5.0"

source-map-js@^1.0.2:
  version "1.0.2"
  resolved "https://registry.yarnpkg.com/source-map-js/-/source-map-js-1.0.2.tgz#adbc361d9c62df380125e7f161f71c826f1e490c"
  integrity sha512-R0XvVJ9WusLiqTCEiGCmICCMplcCkIwwR11mOSD9CR5u+IXYdiseeEuXCVAjS54zqwkLcPNnmU4OeJ6tUrWhDw==

strip-indent@^3.0.0:
  version "3.0.0"
  resolved "https://registry.yarnpkg.com/strip-indent/-/strip-indent-3.0.0.tgz#c32e1cee940b6b3432c771bc2c54bcce73cd3001"
  integrity sha512-laJTa3Jb+VQpaC6DseHhF7dXVqHTfJPCRDaEbid/drOhgitgYku/letMUqOXFoWV0zIIUbjpdH2t+tYj4bQMRQ==
  dependencies:
    min-indent "^1.0.0"

supports-preserve-symlinks-flag@^1.0.0:
  version "1.0.0"
  resolved "https://registry.yarnpkg.com/supports-preserve-symlinks-flag/-/supports-preserve-symlinks-flag-1.0.0.tgz#6eda4bd344a3c94aea376d4cc31bc77311039e09"
  integrity sha512-ot0WnXS9fgdkgIcePe6RHNk1WA8+muPa6cSjeR3V8K27q9BB1rTE3R1p7Hv0z1ZyAc8s6Vvv8DIyWf681MAt0w==

svelte-highlight@^7.2.0:
  version "7.2.0"
  resolved "https://registry.yarnpkg.com/svelte-highlight/-/svelte-highlight-7.2.0.tgz#a23b4284130b4d1ff746e661f9fc74a372d065f2"
  integrity sha512-mOJltSmozHNuaIE4tglrOBQ9X/8sKoQMJfqm+YZUuHvzfAcefWtZVDFml2oUrEv8iehM79mdA9+0orhUWIrxWw==
  dependencies:
    highlight.js "11.7.0"

svelte-hmr@^0.15.1:
  version "0.15.1"
  resolved "https://registry.yarnpkg.com/svelte-hmr/-/svelte-hmr-0.15.1.tgz#d11d878a0bbb12ec1cba030f580cd2049f4ec86b"
  integrity sha512-BiKB4RZ8YSwRKCNVdNxK/GfY+r4Kjgp9jCLEy0DuqAKfmQtpL38cQK3afdpjw4sqSs4PLi3jIPJIFp259NkZtA==

svelte-preprocess@^5.0.2:
  version "5.0.2"
  resolved "https://registry.yarnpkg.com/svelte-preprocess/-/svelte-preprocess-5.0.2.tgz#72e31adb559732aa6811b5449058d231c0974f95"
  integrity sha512-iXpIoa43VdF7fPkBdoodztZd4H+3EP/GYA66tbuLVtQnM3sWCpsOtc7HjfA7BDR+6VTpqlEnpDmPoXk0dgUa0g==
  dependencies:
    "@types/pug" "^2.0.6"
    detect-indent "^6.1.0"
    magic-string "^0.27.0"
    sorcery "^0.11.0"
    strip-indent "^3.0.0"

svelte@^3.57.0:
  version "3.57.0"
  resolved "https://registry.yarnpkg.com/svelte/-/svelte-3.57.0.tgz#a3969cfe51f25f2a55e75f7b98dbd02c3af0980b"
  integrity sha512-WMXEvF+RtAaclw0t3bPDTUe19pplMlfyKDsixbHQYgCWi9+O9VN0kXU1OppzrB9gPAvz4NALuoca2LfW2bOjTQ==

typescript@^4.9.5:
  version "4.9.5"
  resolved "https://registry.yarnpkg.com/typescript/-/typescript-4.9.5.tgz#095979f9bcc0d09da324d58d03ce8f8374cbe65a"
  integrity sha512-1FXk9E2Hm+QzZQ7z+McJiHL4NW1F2EzMu9Nq9i3zAaGqibafqYwCVU6WyWAuyQRRzOlxou8xZSyXLEN8oKj24g==

vite@^4.1.4:
  version "4.1.4"
  resolved "https://registry.yarnpkg.com/vite/-/vite-4.1.4.tgz#170d93bcff97e0ebc09764c053eebe130bfe6ca0"
  integrity sha512-3knk/HsbSTKEin43zHu7jTwYWv81f8kgAL99G5NWBcA1LKvtvcVAC4JjBH1arBunO9kQka+1oGbrMKOjk4ZrBg==
  dependencies:
    esbuild "^0.16.14"
    postcss "^8.4.21"
    resolve "^1.22.1"
    rollup "^3.10.0"
  optionalDependencies:
    fsevents "~2.3.2"

vitefu@^0.2.4:
  version "0.2.4"
  resolved "https://registry.yarnpkg.com/vitefu/-/vitefu-0.2.4.tgz#212dc1a9d0254afe65e579351bed4e25d81e0b35"
  integrity sha512-fanAXjSaf9xXtOOeno8wZXIhgia+CZury481LsDaV++lSvcU2R9Ch2bPh3PYFyoHW+w9LqAeYRISVQjUIew14g==

wrappy@1:
  version "1.0.2"
  resolved "https://registry.yarnpkg.com/wrappy/-/wrappy-1.0.2.tgz#b5243d8f3ec1aa35f1364605bc0d1036e30ab69f"
  integrity sha512-l4Sp/DRseor9wL6EvV2+TuQn63dMkPjZ/sp9XkghTEbV9KlPS1xUsZ3u7/IQO4wxtcFB4bgpQPRcR3QCvezPcQ==
